{
  "name": "how-much-vscode",
  "lockfileVersion": 3,
  "requires": true,
  "packages": {
    "": {
      "dependencies": {
        "@iarna/toml": "^2.2.5",
        "@miniben90/x-win": "^3.2.0"
      },
      "devDependencies": {
        "@types/node": "^25.0.3"
      }
    },
    "node_modules/@iarna/toml": {
      "version": "2.2.5",
      "resolved": "https://registry.npmjs.org/@iarna/toml/-/toml-2.2.5.tgz",
      "integrity": "sha512-trnsAYxU3xnS1gPHPyU961coFyLkh4gAD/0zQ5mymY4yOZ+CYvsPqUbOFSw0aDM4y0tV7tiFxL/1XfXPNC6IPg==",
      "license": "ISC"
    },
    "node_modules/@miniben90/x-win": {
      "version": "3.2.0",
      "resolved": "https://registry.npmjs.org/@miniben90/x-win/-/x-win-3.2.0.tgz",
      "integrity": "sha512-RNmCzJsj4dZ+izOkK6sIdtjdSAx1HSHiU1UG3h5go2rYz8qXgRtOrHvgDsGblLljWNxhB/eiyc6XumyQ5u33vw==",
      "license": "MIT",
      "engines": {
        "node": ">= 14"
      },
      "optionalDependencies": {
        "@miniben90/x-win-darwin-arm64": "3.2.0",
        "@miniben90/x-win-darwin-universal": "3.2.0",
        "@miniben90/x-win-darwin-x64": "3.2.0",
        "@miniben90/x-win-linux-x64-gnu": "3.2.0",
        "@miniben90/x-win-linux-x64-musl": "3.2.0",
        "@miniben90/x-win-win32-arm64-msvc": "3.2.0",
        "@miniben90/x-win-win32-ia32-msvc": "3.2.0",
        "@miniben90/x-win-win32-x64-msvc": "3.2.0"
      }
    },
    "node_modules/@miniben90/x-win-darwin-arm64": {
      "version": "3.2.0",
      "resolved": "https://registry.npmjs.org/@miniben90/x-win-darwin-arm64/-/x-win-darwin-arm64-3.2.0.tgz",
      "integrity": "sha512-BUe30HOMowiwIrdym01VYqD1ptP9l4mrk6DfIljjwcm6jom/dQi4wWNkPlzC4+JdUlL24EGEL+R3ItWjdvVDbQ==",
      "cpu": [
        "arm64"
      ],
      "license": "MIT",
      "optional": true,
      "os": [
        "darwin"
      ],
      "engines": {
        "node": ">= 14"
      }
    },
    "node_modules/@miniben90/x-win-darwin-universal": {
      "version": "3.2.0",
      "resolved": "https://registry.npmjs.org/@miniben90/x-win-darwin-universal/-/x-win-darwin-universal-3.2.0.tgz",
      "integrity": "sha512-E3zKtAmijeXee56qhbIVJDKeuqiR1eq8Y6z02M1vU6CSny/EBqqn1wTHPzjmEoCMHYJIsjl+xY/HTBujiv/ZMA==",
      "license": "MIT",
      "optional": true,
      "os": [
        "darwin"
      ],
      "engines": {
        "node": ">= 14"
      }
    },
    "node_modules/@miniben90/x-win-darwin-x64": {
      "version": "3.2.0",
      "resolved": "https://registry.npmjs.org/@miniben90/x-win-darwin-x64/-/x-win-darwin-x64-3.2.0.tgz",
      "integrity": "sha512-guPkn56pz/ZWd18RErsyyu1WfP1YcomeFxJvN7F8UrI00A6Gw1UoSUn/SCHWteklwVMkFejGbCrc6DvJCWnrRw==",
      "cpu": [
        "x64"
      ],
      "license": "MIT",
      "optional": true,
      "os": [
        "darwin"
      ],
      "engines": {
        "node": ">= 14"
      }
    },
    "node_modules/@miniben90/x-win-linux-x64-gnu": {
      "version": "3.2.0",
      "resolved": "https://registry.npmjs.org/@miniben90/x-win-linux-x64-gnu/-/x-win-linux-x64-gnu-3.2.0.tgz",
      "integrity": "sha512-Gp45fT9sj1OSFRQff5AMKPZyv1ZApbtntARf21fCdjD5T7sHLby7TNNjkzp96EK2dkPY7cYAZk8ySv6lY6vtHw==",
      "cpu": [
        "x64"
      ],
      "license": "MIT",
      "optional": true,
      "os": [
        "linux"
      ],
      "engines": {
        "node": ">= 14"
      }
    },
    "node_modules/@miniben90/x-win-linux-x64-musl": {
      "version": "3.2.0",
      "resolved": "https://registry.npmjs.org/@miniben90/x-win-linux-x64-musl/-/x-win-linux-x64-musl-3.2.0.tgz",
      "integrity": "sha512-Xuj+4nOXdTPQQc4Bo1GJ+SM08jNfoBmv/c3sIYuxcH8U7Jz8WMxLufpBQskK/TDrwBzgem6d/zZylqp2D5AGSg==",
      "cpu": [
        "x64"
      ],
      "license": "MIT",
      "optional": true,
      "os": [
        "linux"
      ],
      "engines": {
        "node": ">= 14"
      }
    },
    "node_modules/@miniben90/x-win-win32-arm64-msvc": {
      "version": "3.2.0",
      "resolved": "https://registry.npmjs.org/@miniben90/x-win-win32-arm64-msvc/-/x-win-win32-arm64-msvc-3.2.0.tgz",
      "integrity": "sha512-G1SqQvnTPW87O4rk5fGRvvZESa42e4RLbXRN/d/XGBhuyjEJKRNk8YR4UqWXLvJiwkNg1kxisCtWc2qr3b09Fg==",
      "cpu": [
        "arm64"
      ],
      "license": "MIT",
      "optional": true,
      "os": [
        "win32"
      ],
      "engines": {
        "node": ">= 14"
      }
    },
    "node_modules/@miniben90/x-win-win32-ia32-msvc": {
      "version": "3.2.0",
      "resolved": "https://registry.npmjs.org/@miniben90/x-win-win32-ia32-msvc/-/x-win-win32-ia32-msvc-3.2.0.tgz",
      "integrity": "sha512-DmRcTqsCZDzUk6l7SWmt8YyeipoZvHOo0l42tDJn5A35PwB9T8RNNyIaw4iJ8H1H2ynf6+K7dWboOo07s9wTBQ==",
      "cpu": [
        "ia32"
      ],
      "license": "MIT",
      "optional": true,
      "os": [
        "win32"
      ],
      "engines": {
        "node": ">= 14"
      }
    },
    "node_modules/@miniben90/x-win-win32-x64-msvc": {
      "version": "3.2.0",
      "resolved": "https://registry.npmjs.org/@miniben90/x-win-win32-x64-msvc/-/x-win-win32-x64-msvc-3.2.0.tgz",
      "integrity": "sha512-4ictKu0u2wOQMFqH6qFs8zNkxT+fxlLOrpIO9dZ3+AaouqziqFEdFrMyGFNNanwaM5eiSnN3e8mOrKm9W+roBA==",
      "cpu": [
        "x64"
      ],
      "license": "MIT",
      "optional": true,
      "os": [
        "win32"
      ],
      "engines": {
        "node": ">= 14"
      }
    },
    "node_modules/@types/node": {
      "version": "25.0.3",
      "resolved": "https://registry.npmjs.org/@types/node/-/node-25.0.3.tgz",
      "integrity": "sha512-W609buLVRVmeW693xKfzHeIV6nJGGz98uCPfeXI1ELMLXVeKYZ9m15fAMSaUPBHYLGFsVRcMmSCksQOrZV9BYA==",
      "dev": true,
      "license": "MIT",
      "dependencies": {
        "undici-types": "~7.16.0"
      }
    },
    "node_modules/undici-types": {
      "version": "7.16.0",
      "resolved": "https://registry.npmjs.org/undici-types/-/undici-types-7.16.0.tgz",
      "integrity": "sha512-Zz+aZWSj8LE6zoxD+xrjh4VfkIG8Ya6LvYkZqtUQGJPZjYl53ypCaUwWqo7eI0x66KBGeRo+mlBEkMSeSZ38Nw==",
      "dev": true,
      "license": "MIT"
    }
  }
}
